
Microsoft Visual Studio Solution File, Format Version 12.00
# Visual Studio 14
VisualStudioVersion = 14.0.25420.1
MinimumVisualStudioVersion = 10.0.40219.1
Project("{FAE04EC0-301F-11D3-BF4B-00C04F79EFBC}") = "RSB.Modules.Mail.SmtpSender", "RSB.Modules.Mail.SmtpSender\RSB.Modules.Mail.SmtpSender.csproj", "{3631ADF1-CCED-4D16-AD12-5BFD24D342D1}"
EndProject
Project("{FAE04EC0-301F-11D3-BF4B-00C04F79EFBC}") = "RSB.Modules.Templater", "RSB.Modules.Templater\RSB.Modules.Templater.csproj", "{F34CEB80-567A-48DB-8967-A5E205A06E79}"
EndProject
Project("{FAE04EC0-301F-11D3-BF4B-00C04F79EFBC}") = "RSB.Modules.Mail.Contracts", "RSB.Modules.Mail.Contracts\RSB.Modules.Mail.Contracts.csproj", "{6BB3410E-BFC4-4D6F-B0E6-72383DAA1FB5}"
EndProject
Project("{FAE04EC0-301F-11D3-BF4B-00C04F79EFBC}") = "RSB.Modules.Templater.Common", "RSB.Modules.Templater.Common\RSB.Modules.Templater.Common.csproj", "{768C5F8A-EB53-48D5-9E55-AB1201D86DB6}"
EndProject
Global
	GlobalSection(SolutionConfigurationPlatforms) = preSolution
		Debug|Any CPU = Debug|Any CPU
		Release|Any CPU = Release|Any CPU
	EndGlobalSection
	GlobalSection(ProjectConfigurationPlatforms) = postSolution
		{3631ADF1-CCED-4D16-AD12-5BFD24D342D1}.Debug|Any CPU.ActiveCfg = Debug|Any CPU
		{3631ADF1-CCED-4D16-AD12-5BFD24D342D1}.Debug|Any CPU.Build.0 = Debug|Any CPU
		{3631ADF1-CCED-4D16-AD12-5BFD24D342D1}.Release|Any CPU.ActiveCfg = Release|Any CPU
		{3631ADF1-CCED-4D16-AD12-5BFD24D342D1}.Release|Any CPU.Build.0 = Release|Any CPU
		{F34CEB80-567A-48DB-8967-A5E205A06E79}.Debug|Any CPU.ActiveCfg = Debug|Any CPU
		{F34CEB80-567A-48DB-8967-A5E205A06E79}.Debug|Any CPU.Build.0 = Debug|Any CPU
		{F34CEB80-567A-48DB-8967-A5E205A06E79}.Release|Any CPU.ActiveCfg = Release|Any CPU
		{F34CEB80-567A-48DB-8967-A5E205A06E79}.Release|Any CPU.Build.0 = Release|Any CPU
		{6BB3410E-BFC4-4D6F-B0E6-72383DAA1FB5}.Debug|Any CPU.ActiveCfg = Debug|Any CPU
		{6BB3410E-BFC4-4D6F-B0E6-72383DAA1FB5}.Debug|Any CPU.Build.0 = Debug|Any CPU
		{6BB3410E-BFC4-4D6F-B0E6-72383DAA1FB5}.Release|Any CPU.ActiveCfg = Release|Any CPU
		{6BB3410E-BFC4-4D6F-B0E6-72383DAA1FB5}.Release|Any CPU.Build.0 = Release|Any CPU
		{768C5F8A-EB53-48D5-9E55-AB1201D86DB6}.Debug|Any CPU.ActiveCfg = Debug|Any CPU
		{768C5F8A-EB53-48D5-9E55-AB1201D86DB6}.Debug|Any CPU.Build.0 = Debug|Any CPU
		{768C5F8A-EB53-48D5-9E55-AB1201D86DB6}.Release|Any CPU.ActiveCfg = Release|Any CPU
		{768C5F8A-EB53-48D5-9E55-AB1201D86DB6}.Release|Any CPU.Build.0 = Release|Any CPU
	EndGlobalSection
	GlobalSection(SolutionProperties) = preSolution
		HideSolutionNode = FALSE
	EndGlobalSection
EndGlobal
